
Microsoft Visual Studio Solution File, Format Version 12.00
# Visual Studio Version 16
VisualStudioVersion = 16.0.29521.150
MinimumVisualStudioVersion = 10.0.40219.1
Project("{9A19103F-16F7-4668-BE54-9A1E7A4F7556}") = "WebImageResizer", "WebImageResizer\WebImageResizer.csproj", "{CFCCA294-C4D7-47B5-99DF-BAF585B12F73}"
EndProject
Global
	GlobalSection(SolutionConfigurationPlatforms) = preSolution
		Debug|Any CPU = Debug|Any CPU
		Release|Any CPU = Release|Any CPU
	EndGlobalSection
	GlobalSection(ProjectConfigurationPlatforms) = postSolution
		{CFCCA294-C4D7-47B5-99DF-BAF585B12F73}.Debug|Any CPU.ActiveCfg = Debug|Any CPU
		{CFCCA294-C4D7-47B5-99DF-BAF585B12F73}.Debug|Any CPU.Build.0 = Debug|Any CPU
		{CFCCA294-C4D7-47B5-99DF-BAF585B12F73}.Release|Any CPU.ActiveCfg = Release|Any CPU
		{CFCCA294-C4D7-47B5-99DF-BAF585B12F73}.Release|Any CPU.Build.0 = Release|Any CPU
		{4125EA3F-3EF8-4DC2-9F9D-0F1C7D5A7996}.Debug|Any CPU.ActiveCfg = Debug|Any CPU
		{4125EA3F-3EF8-4DC2-9F9D-0F1C7D5A7996}.Debug|Any CPU.Build.0 = Debug|Any CPU
		{4125EA3F-3EF8-4DC2-9F9D-0F1C7D5A7996}.Release|Any CPU.ActiveCfg = Release|Any CPU
		{4125EA3F-3EF8-4DC2-9F9D-0F1C7D5A7996}.Release|Any CPU.Build.0 = Release|Any CPU
	EndGlobalSection
	GlobalSection(SolutionProperties) = preSolution
		HideSolutionNode = FALSE
	EndGlobalSection
	GlobalSection(ExtensibilityGlobals) = postSolution
		SolutionGuid = {7C38F5BD-3D49-4929-9F9B-96B82A1D2644}
	EndGlobalSection
EndGlobal
